
Microsoft Visual Studio Solution File, Format Version 12.00
# Visual Studio Version 17
VisualStudioVersion = 17.13.35913.81 d17.13
MinimumVisualStudioVersion = 10.0.40219.1
Project("{8BC9CEB8-8B4A-11D0-8D11-00A0C91BC942}") = "GravityGame", "GravityGame\GravityGame.vcxproj", "{45199376-CE06-408C-8E45-5AF066C092ED}"
EndProject
Global
	GlobalSection(SolutionConfigurationPlatforms) = preSolution
		Debug|x64 = Debug|x64
		Debug|x86 = Debug|x86
		Release|x64 = Release|x64
		Release|x86 = Release|x86
	EndGlobalSection
	GlobalSection(ProjectConfigurationPlatforms) = postSolution
		{45199376-CE06-408C-8E45-5AF066C092ED}.Debug|x64.ActiveCfg = Debug|x64
		{45199376-CE06-408C-8E45-5AF066C092ED}.Debug|x64.Build.0 = Debug|x64
		{45199376-CE06-408C-8E45-5AF066C092ED}.Debug|x86.ActiveCfg = Debug|Win32
		{45199376-CE06-408C-8E45-5AF066C092ED}.Debug|x86.Build.0 = Debug|Win32
		{45199376-CE06-408C-8E45-5AF066C092ED}.Release|x64.ActiveCfg = Release|x64
		{45199376-CE06-408C-8E45-5AF066C092ED}.Release|x64.Build.0 = Release|x64
		{45199376-CE06-408C-8E45-5AF066C092ED}.Release|x86.ActiveCfg = Release|Win32
		{45199376-CE06-408C-8E45-5AF066C092ED}.Release|x86.Build.0 = Release|Win32
	EndGlobalSection
	GlobalSection(SolutionProperties) = preSolution
		HideSolutionNode = FALSE
	EndGlobalSection
	GlobalSection(ExtensibilityGlobals) = postSolution
		SolutionGuid = {BBCDA31C-3BA3-4BCD-B7EE-81E2A0049537}
	EndGlobalSection
EndGlobal
